
Microsoft Visual Studio Solution File, Format Version 12.00
# Visual Studio 2013
VisualStudioVersion = 12.0.31101.0
MinimumVisualStudioVersion = 10.0.40219.1
Project("{FAE04EC0-301F-11D3-BF4B-00C04F79EFBC}") = "01. Shapes", "Shapes\01. Shapes.csproj", "{4B286C67-3FC3-4F84-AD00-3CF21E50CFE5}"
EndProject
Project("{FAE04EC0-301F-11D3-BF4B-00C04F79EFBC}") = "02. BankAccounts", "BankAccounts\02. BankAccounts.csproj", "{E1398F07-63BF-43BF-9E97-0BD9E9C190C5}"
EndProject
Project("{FAE04EC0-301F-11D3-BF4B-00C04F79EFBC}") = "03. RangeExceptions", "RangeExceptions\03. RangeExceptions.csproj", "{50F31931-DFBF-44B9-8CF5-3E6577025BAD}"
EndProject
Global
	GlobalSection(SolutionConfigurationPlatforms) = preSolution
		Debug|Any CPU = Debug|Any CPU
		Release|Any CPU = Release|Any CPU
	EndGlobalSection
	GlobalSection(ProjectConfigurationPlatforms) = postSolution
		{4B286C67-3FC3-4F84-AD00-3CF21E50CFE5}.Debug|Any CPU.ActiveCfg = Debug|Any CPU
		{4B286C67-3FC3-4F84-AD00-3CF21E50CFE5}.Debug|Any CPU.Build.0 = Debug|Any CPU
		{4B286C67-3FC3-4F84-AD00-3CF21E50CFE5}.Release|Any CPU.ActiveCfg = Release|Any CPU
		{4B286C67-3FC3-4F84-AD00-3CF21E50CFE5}.Release|Any CPU.Build.0 = Release|Any CPU
		{E1398F07-63BF-43BF-9E97-0BD9E9C190C5}.Debug|Any CPU.ActiveCfg = Debug|Any CPU
		{E1398F07-63BF-43BF-9E97-0BD9E9C190C5}.Debug|Any CPU.Build.0 = Debug|Any CPU
		{E1398F07-63BF-43BF-9E97-0BD9E9C190C5}.Release|Any CPU.ActiveCfg = Release|Any CPU
		{E1398F07-63BF-43BF-9E97-0BD9E9C190C5}.Release|Any CPU.Build.0 = Release|Any CPU
		{50F31931-DFBF-44B9-8CF5-3E6577025BAD}.Debug|Any CPU.ActiveCfg = Debug|Any CPU
		{50F31931-DFBF-44B9-8CF5-3E6577025BAD}.Debug|Any CPU.Build.0 = Debug|Any CPU
		{50F31931-DFBF-44B9-8CF5-3E6577025BAD}.Release|Any CPU.ActiveCfg = Release|Any CPU
		{50F31931-DFBF-44B9-8CF5-3E6577025BAD}.Release|Any CPU.Build.0 = Release|Any CPU
	EndGlobalSection
	GlobalSection(SolutionProperties) = preSolution
		HideSolutionNode = FALSE
	EndGlobalSection
EndGlobal
