
Microsoft Visual Studio Solution File, Format Version 12.00
# Visual Studio 2013
VisualStudioVersion = 12.0.31101.0
MinimumVisualStudioVersion = 10.0.40219.1
Project("{FAE04EC0-301F-11D3-BF4B-00C04F79EFBC}") = "01. AllocateArray", "AllocateArray\01. AllocateArray.csproj", "{F3AEA84A-1A01-421D-ADCB-DC510DD11DB2}"
EndProject
Project("{FAE04EC0-301F-11D3-BF4B-00C04F79EFBC}") = "02. CompareArrays", "CompareArrays\02. CompareArrays.csproj", "{2EB271ED-C296-48F4-A2D1-6EEFAFF4274C}"
EndProject
Project("{FAE04EC0-301F-11D3-BF4B-00C04F79EFBC}") = "03. CompareCharArrays", "CompareCharArrays\03. CompareCharArrays.csproj", "{AD730EF8-ED15-4B87-9ABB-A9BE83382388}"
EndProject
Project("{FAE04EC0-301F-11D3-BF4B-00C04F79EFBC}") = "04. MaximalSequence", "MaximalSequence\04. MaximalSequence.csproj", "{3DBA45EB-98E8-4B5F-B64B-70098491BCD0}"
EndProject
Project("{FAE04EC0-301F-11D3-BF4B-00C04F79EFBC}") = "05. MaximalIncreasingSequence", "MaximalIncreasingSequence\05. MaximalIncreasingSequence.csproj", "{9C7C4D49-E3EF-48E1-A467-0C853119FA2A}"
EndProject
Project("{FAE04EC0-301F-11D3-BF4B-00C04F79EFBC}") = "06. MaximalKSum", "MaximalKSum\06. MaximalKSum.csproj", "{D4F4C862-00F9-4607-90EF-9FEE41065B6F}"
EndProject
Project("{FAE04EC0-301F-11D3-BF4B-00C04F79EFBC}") = "07. SelectionSort", "SelectionSort\07. SelectionSort.csproj", "{3FAFA26A-8069-4E4A-8321-C587A486F9F0}"
EndProject
Project("{FAE04EC0-301F-11D3-BF4B-00C04F79EFBC}") = "08. MaximalSum", "MaximalSum\08. MaximalSum.csproj", "{D45F5258-0557-4DF9-95B5-3DE6D318E6A6}"
EndProject
Project("{FAE04EC0-301F-11D3-BF4B-00C04F79EFBC}") = "09. FrequentNumber", "FrequentNumber\09. FrequentNumber.csproj", "{9B981D41-2B4F-4EF2-86F5-82F483C5A9E9}"
EndProject
Project("{FAE04EC0-301F-11D3-BF4B-00C04F79EFBC}") = "10. FindSumInArray", "FindSumInArray\10. FindSumInArray.csproj", "{F912B436-DAF2-4853-B97A-A02B0A16650F}"
EndProject
Project("{FAE04EC0-301F-11D3-BF4B-00C04F79EFBC}") = "11. BinarySearch", "BinarySearch\11. BinarySearch.csproj", "{B4CD3F0E-393E-4604-A6C8-8A38059E66AC}"
EndProject
Project("{FAE04EC0-301F-11D3-BF4B-00C04F79EFBC}") = "12. IndexOfLetters", "IndexOfLetters\12. IndexOfLetters.csproj", "{CBD557B4-ADFC-4221-ACB0-E2B0FDAA0DE7}"
EndProject
Project("{FAE04EC0-301F-11D3-BF4B-00C04F79EFBC}") = "13. MergeSort", "MergeSort\13. MergeSort.csproj", "{B4D5A63B-7130-47BF-B921-1D2B703B7B25}"
EndProject
Project("{FAE04EC0-301F-11D3-BF4B-00C04F79EFBC}") = "14. QuickSort", "QuickSort\14. QuickSort.csproj", "{A25DD8BA-05FE-4DE5-ADE1-646BCC14DECC}"
EndProject
Project("{FAE04EC0-301F-11D3-BF4B-00C04F79EFBC}") = "15. PrimeNumbers", "PrimeNumbers\15. PrimeNumbers.csproj", "{16F00082-A1B0-442C-A835-1FF5E81AAFB4}"
EndProject
Project("{FAE04EC0-301F-11D3-BF4B-00C04F79EFBC}") = "16. SubsetWithSumS", "SubsetWithSumS\16. SubsetWithSumS.csproj", "{039539E1-23B1-46B6-867D-ECDA7EF7D5B7}"
EndProject
Project("{FAE04EC0-301F-11D3-BF4B-00C04F79EFBC}") = "17. SubsetKWithSumS", "SubsetKWithSumS\17. SubsetKWithSumS.csproj", "{ECB6933B-2274-49B0-BAE0-7689B7F3F997}"
EndProject
Project("{FAE04EC0-301F-11D3-BF4B-00C04F79EFBC}") = "18. RemoveElementsFromArray_", "RemoveElementsFromArray\18. RemoveElementsFromArray_.csproj", "{D29B7AAE-07B2-4A10-B807-7432AB588D5D}"
EndProject
Project("{FAE04EC0-301F-11D3-BF4B-00C04F79EFBC}") = "19. PermutationsOfSet_", "PermutationsOfSet\19. PermutationsOfSet_.csproj", "{50C6A65A-F222-4A23-BE73-EFDCDE223732}"
EndProject
Project("{FAE04EC0-301F-11D3-BF4B-00C04F79EFBC}") = "20. VariationsOfSet_", "VariationsOfSet\20. VariationsOfSet_.csproj", "{AA727795-4D2C-40EA-826B-9788A0C1F85C}"
EndProject
Project("{FAE04EC0-301F-11D3-BF4B-00C04F79EFBC}") = "21. CombinationsOfSet_", "CombinationsOfSet\21. CombinationsOfSet_.csproj", "{67D72348-91B7-49E4-81F6-2936D8365DFF}"
EndProject
Global
	GlobalSection(SolutionConfigurationPlatforms) = preSolution
		Debug|Any CPU = Debug|Any CPU
		Release|Any CPU = Release|Any CPU
	EndGlobalSection
	GlobalSection(ProjectConfigurationPlatforms) = postSolution
		{F3AEA84A-1A01-421D-ADCB-DC510DD11DB2}.Debug|Any CPU.ActiveCfg = Debug|Any CPU
		{F3AEA84A-1A01-421D-ADCB-DC510DD11DB2}.Debug|Any CPU.Build.0 = Debug|Any CPU
		{F3AEA84A-1A01-421D-ADCB-DC510DD11DB2}.Release|Any CPU.ActiveCfg = Release|Any CPU
		{F3AEA84A-1A01-421D-ADCB-DC510DD11DB2}.Release|Any CPU.Build.0 = Release|Any CPU
		{2EB271ED-C296-48F4-A2D1-6EEFAFF4274C}.Debug|Any CPU.ActiveCfg = Debug|Any CPU
		{2EB271ED-C296-48F4-A2D1-6EEFAFF4274C}.Debug|Any CPU.Build.0 = Debug|Any CPU
		{2EB271ED-C296-48F4-A2D1-6EEFAFF4274C}.Release|Any CPU.ActiveCfg = Release|Any CPU
		{2EB271ED-C296-48F4-A2D1-6EEFAFF4274C}.Release|Any CPU.Build.0 = Release|Any CPU
		{AD730EF8-ED15-4B87-9ABB-A9BE83382388}.Debug|Any CPU.ActiveCfg = Debug|Any CPU
		{AD730EF8-ED15-4B87-9ABB-A9BE83382388}.Debug|Any CPU.Build.0 = Debug|Any CPU
		{AD730EF8-ED15-4B87-9ABB-A9BE83382388}.Release|Any CPU.ActiveCfg = Release|Any CPU
		{AD730EF8-ED15-4B87-9ABB-A9BE83382388}.Release|Any CPU.Build.0 = Release|Any CPU
		{3DBA45EB-98E8-4B5F-B64B-70098491BCD0}.Debug|Any CPU.ActiveCfg = Debug|Any CPU
		{3DBA45EB-98E8-4B5F-B64B-70098491BCD0}.Debug|Any CPU.Build.0 = Debug|Any CPU
		{3DBA45EB-98E8-4B5F-B64B-70098491BCD0}.Release|Any CPU.ActiveCfg = Release|Any CPU
		{3DBA45EB-98E8-4B5F-B64B-70098491BCD0}.Release|Any CPU.Build.0 = Release|Any CPU
		{9C7C4D49-E3EF-48E1-A467-0C853119FA2A}.Debug|Any CPU.ActiveCfg = Debug|Any CPU
		{9C7C4D49-E3EF-48E1-A467-0C853119FA2A}.Debug|Any CPU.Build.0 = Debug|Any CPU
		{9C7C4D49-E3EF-48E1-A467-0C853119FA2A}.Release|Any CPU.ActiveCfg = Release|Any CPU
		{9C7C4D49-E3EF-48E1-A467-0C853119FA2A}.Release|Any CPU.Build.0 = Release|Any CPU
		{D4F4C862-00F9-4607-90EF-9FEE41065B6F}.Debug|Any CPU.ActiveCfg = Debug|Any CPU
		{D4F4C862-00F9-4607-90EF-9FEE41065B6F}.Debug|Any CPU.Build.0 = Debug|Any CPU
		{D4F4C862-00F9-4607-90EF-9FEE41065B6F}.Release|Any CPU.ActiveCfg = Release|Any CPU
		{D4F4C862-00F9-4607-90EF-9FEE41065B6F}.Release|Any CPU.Build.0 = Release|Any CPU
		{3FAFA26A-8069-4E4A-8321-C587A486F9F0}.Debug|Any CPU.ActiveCfg = Debug|Any CPU
		{3FAFA26A-8069-4E4A-8321-C587A486F9F0}.Debug|Any CPU.Build.0 = Debug|Any CPU
		{3FAFA26A-8069-4E4A-8321-C587A486F9F0}.Release|Any CPU.ActiveCfg = Release|Any CPU
		{3FAFA26A-8069-4E4A-8321-C587A486F9F0}.Release|Any CPU.Build.0 = Release|Any CPU
		{D45F5258-0557-4DF9-95B5-3DE6D318E6A6}.Debug|Any CPU.ActiveCfg = Debug|Any CPU
		{D45F5258-0557-4DF9-95B5-3DE6D318E6A6}.Debug|Any CPU.Build.0 = Debug|Any CPU
		{D45F5258-0557-4DF9-95B5-3DE6D318E6A6}.Release|Any CPU.ActiveCfg = Release|Any CPU
		{D45F5258-0557-4DF9-95B5-3DE6D318E6A6}.Release|Any CPU.Build.0 = Release|Any CPU
		{9B981D41-2B4F-4EF2-86F5-82F483C5A9E9}.Debug|Any CPU.ActiveCfg = Debug|Any CPU
		{9B981D41-2B4F-4EF2-86F5-82F483C5A9E9}.Debug|Any CPU.Build.0 = Debug|Any CPU
		{9B981D41-2B4F-4EF2-86F5-82F483C5A9E9}.Release|Any CPU.ActiveCfg = Release|Any CPU
		{9B981D41-2B4F-4EF2-86F5-82F483C5A9E9}.Release|Any CPU.Build.0 = Release|Any CPU
		{F912B436-DAF2-4853-B97A-A02B0A16650F}.Debug|Any CPU.ActiveCfg = Debug|Any CPU
		{F912B436-DAF2-4853-B97A-A02B0A16650F}.Debug|Any CPU.Build.0 = Debug|Any CPU
		{F912B436-DAF2-4853-B97A-A02B0A16650F}.Release|Any CPU.ActiveCfg = Release|Any CPU
		{F912B436-DAF2-4853-B97A-A02B0A16650F}.Release|Any CPU.Build.0 = Release|Any CPU
		{B4CD3F0E-393E-4604-A6C8-8A38059E66AC}.Debug|Any CPU.ActiveCfg = Debug|Any CPU
		{B4CD3F0E-393E-4604-A6C8-8A38059E66AC}.Debug|Any CPU.Build.0 = Debug|Any CPU
		{B4CD3F0E-393E-4604-A6C8-8A38059E66AC}.Release|Any CPU.ActiveCfg = Release|Any CPU
		{B4CD3F0E-393E-4604-A6C8-8A38059E66AC}.Release|Any CPU.Build.0 = Release|Any CPU
		{CBD557B4-ADFC-4221-ACB0-E2B0FDAA0DE7}.Debug|Any CPU.ActiveCfg = Debug|Any CPU
		{CBD557B4-ADFC-4221-ACB0-E2B0FDAA0DE7}.Debug|Any CPU.Build.0 = Debug|Any CPU
		{CBD557B4-ADFC-4221-ACB0-E2B0FDAA0DE7}.Release|Any CPU.ActiveCfg = Release|Any CPU
		{CBD557B4-ADFC-4221-ACB0-E2B0FDAA0DE7}.Release|Any CPU.Build.0 = Release|Any CPU
		{B4D5A63B-7130-47BF-B921-1D2B703B7B25}.Debug|Any CPU.ActiveCfg = Debug|Any CPU
		{B4D5A63B-7130-47BF-B921-1D2B703B7B25}.Debug|Any CPU.Build.0 = Debug|Any CPU
		{B4D5A63B-7130-47BF-B921-1D2B703B7B25}.Release|Any CPU.ActiveCfg = Release|Any CPU
		{B4D5A63B-7130-47BF-B921-1D2B703B7B25}.Release|Any CPU.Build.0 = Release|Any CPU
		{A25DD8BA-05FE-4DE5-ADE1-646BCC14DECC}.Debug|Any CPU.ActiveCfg = Debug|Any CPU
		{A25DD8BA-05FE-4DE5-ADE1-646BCC14DECC}.Debug|Any CPU.Build.0 = Debug|Any CPU
		{A25DD8BA-05FE-4DE5-ADE1-646BCC14DECC}.Release|Any CPU.ActiveCfg = Release|Any CPU
		{A25DD8BA-05FE-4DE5-ADE1-646BCC14DECC}.Release|Any CPU.Build.0 = Release|Any CPU
		{16F00082-A1B0-442C-A835-1FF5E81AAFB4}.Debug|Any CPU.ActiveCfg = Debug|Any CPU
		{16F00082-A1B0-442C-A835-1FF5E81AAFB4}.Debug|Any CPU.Build.0 = Debug|Any CPU
		{16F00082-A1B0-442C-A835-1FF5E81AAFB4}.Release|Any CPU.ActiveCfg = Release|Any CPU
		{16F00082-A1B0-442C-A835-1FF5E81AAFB4}.Release|Any CPU.Build.0 = Release|Any CPU
		{039539E1-23B1-46B6-867D-ECDA7EF7D5B7}.Debug|Any CPU.ActiveCfg = Debug|Any CPU
		{039539E1-23B1-46B6-867D-ECDA7EF7D5B7}.Debug|Any CPU.Build.0 = Debug|Any CPU
		{039539E1-23B1-46B6-867D-ECDA7EF7D5B7}.Release|Any CPU.ActiveCfg = Release|Any CPU
		{039539E1-23B1-46B6-867D-ECDA7EF7D5B7}.Release|Any CPU.Build.0 = Release|Any CPU
		{ECB6933B-2274-49B0-BAE0-7689B7F3F997}.Debug|Any CPU.ActiveCfg = Debug|Any CPU
		{ECB6933B-2274-49B0-BAE0-7689B7F3F997}.Debug|Any CPU.Build.0 = Debug|Any CPU
		{ECB6933B-2274-49B0-BAE0-7689B7F3F997}.Release|Any CPU.ActiveCfg = Release|Any CPU
		{ECB6933B-2274-49B0-BAE0-7689B7F3F997}.Release|Any CPU.Build.0 = Release|Any CPU
		{D29B7AAE-07B2-4A10-B807-7432AB588D5D}.Debug|Any CPU.ActiveCfg = Debug|Any CPU
		{D29B7AAE-07B2-4A10-B807-7432AB588D5D}.Debug|Any CPU.Build.0 = Debug|Any CPU
		{D29B7AAE-07B2-4A10-B807-7432AB588D5D}.Release|Any CPU.ActiveCfg = Release|Any CPU
		{D29B7AAE-07B2-4A10-B807-7432AB588D5D}.Release|Any CPU.Build.0 = Release|Any CPU
		{50C6A65A-F222-4A23-BE73-EFDCDE223732}.Debug|Any CPU.ActiveCfg = Debug|Any CPU
		{50C6A65A-F222-4A23-BE73-EFDCDE223732}.Debug|Any CPU.Build.0 = Debug|Any CPU
		{50C6A65A-F222-4A23-BE73-EFDCDE223732}.Release|Any CPU.ActiveCfg = Release|Any CPU
		{50C6A65A-F222-4A23-BE73-EFDCDE223732}.Release|Any CPU.Build.0 = Release|Any CPU
		{AA727795-4D2C-40EA-826B-9788A0C1F85C}.Debug|Any CPU.ActiveCfg = Debug|Any CPU
		{AA727795-4D2C-40EA-826B-9788A0C1F85C}.Debug|Any CPU.Build.0 = Debug|Any CPU
		{AA727795-4D2C-40EA-826B-9788A0C1F85C}.Release|Any CPU.ActiveCfg = Release|Any CPU
		{AA727795-4D2C-40EA-826B-9788A0C1F85C}.Release|Any CPU.Build.0 = Release|Any CPU
		{67D72348-91B7-49E4-81F6-2936D8365DFF}.Debug|Any CPU.ActiveCfg = Debug|Any CPU
		{67D72348-91B7-49E4-81F6-2936D8365DFF}.Debug|Any CPU.Build.0 = Debug|Any CPU
		{67D72348-91B7-49E4-81F6-2936D8365DFF}.Release|Any CPU.ActiveCfg = Release|Any CPU
		{67D72348-91B7-49E4-81F6-2936D8365DFF}.Release|Any CPU.Build.0 = Release|Any CPU
	EndGlobalSection
	GlobalSection(SolutionProperties) = preSolution
		HideSolutionNode = FALSE
	EndGlobalSection
EndGlobal
