
Microsoft Visual Studio Solution File, Format Version 12.00
# Visual Studio 2013
VisualStudioVersion = 12.0.31101.0
MinimumVisualStudioVersion = 10.0.40219.1
Project("{FAE04EC0-301F-11D3-BF4B-00C04F79EFBC}") = "01. NumbersFrom1toN", "NumbersFrom1toN\01. NumbersFrom1toN.csproj", "{F2C8C0C5-2F5B-4DFD-B650-A535E5CB2256}"
EndProject
Project("{FAE04EC0-301F-11D3-BF4B-00C04F79EFBC}") = "02. NumbersNotDivisibleBy3and7", "NumbersNotDivisibleBy3and7\02. NumbersNotDivisibleBy3and7.csproj", "{9F24EEA4-0C88-4739-A7A7-5310FE8F18A1}"
EndProject
Project("{FAE04EC0-301F-11D3-BF4B-00C04F79EFBC}") = "03. MinMaxSumAndAverageOfNNumbers", "MinMaxSumAndAverageOfNNumbers\03. MinMaxSumAndAverageOfNNumbers.csproj", "{3AB1BD2C-9844-4722-9CDE-5A203623C436}"
EndProject
Project("{FAE04EC0-301F-11D3-BF4B-00C04F79EFBC}") = "04. PrintADeckOf52Cards", "PrintADeckOf52Cards\04. PrintADeckOf52Cards.csproj", "{946AC97E-06F7-449C-AE3D-A39934D1067E}"
EndProject
Project("{FAE04EC0-301F-11D3-BF4B-00C04F79EFBC}") = "05. FactorialSum", "FactorialSum\05. FactorialSum.csproj", "{2B97BE5B-A5C1-494B-9F25-A6A1866DE249}"
EndProject
Project("{FAE04EC0-301F-11D3-BF4B-00C04F79EFBC}") = "06. FactorialDivision", "FactorialDivision\06. FactorialDivision.csproj", "{6A56C285-ADF4-439C-B7EB-3863974EB063}"
EndProject
Project("{FAE04EC0-301F-11D3-BF4B-00C04F79EFBC}") = "07. Combinatorics", "Combinatorics\07. Combinatorics.csproj", "{6A001216-2B1D-4C60-BEC4-BDCC96CE7193}"
EndProject
Project("{FAE04EC0-301F-11D3-BF4B-00C04F79EFBC}") = "08. CatalanNumbers", "CatalanNumbers\08. CatalanNumbers.csproj", "{A3FA9019-BAE7-440E-8138-1C6D3F6C72C4}"
EndProject
Project("{FAE04EC0-301F-11D3-BF4B-00C04F79EFBC}") = "09. MatrixOfNumbers", "MatrixOfNumbers\09. MatrixOfNumbers.csproj", "{7D1BAFF8-C447-4D06-BD69-5602EFC4D084}"
EndProject
Project("{FAE04EC0-301F-11D3-BF4B-00C04F79EFBC}") = "10. OddAndEvenProduct", "OddAndEvenProduct\10. OddAndEvenProduct.csproj", "{22B1A7DA-D146-45EB-BD29-8705F03826C8}"
EndProject
Project("{FAE04EC0-301F-11D3-BF4B-00C04F79EFBC}") = "11. RandomNumbersInRange", "RandomNumbersInRange\11. RandomNumbersInRange.csproj", "{1F4D2C38-445D-43AA-9E6E-B9B48757ACA3}"
EndProject
Project("{FAE04EC0-301F-11D3-BF4B-00C04F79EFBC}") = "13. BinaryToDecimalNumber", "BinaryToDecimalNumber\13. BinaryToDecimalNumber.csproj", "{5A5C895F-2B0B-4224-92AD-E1133F7BF983}"
EndProject
Project("{FAE04EC0-301F-11D3-BF4B-00C04F79EFBC}") = "14. DecimalToBinaryNumber", "DecimalToBinaryNumber\14. DecimalToBinaryNumber.csproj", "{69E0C873-6BF0-43F0-9765-2B031B744754}"
EndProject
Project("{FAE04EC0-301F-11D3-BF4B-00C04F79EFBC}") = "15. HexadecimalToDecimal", "HexadecimalToDecimal\15. HexadecimalToDecimal.csproj", "{BB500C92-4B13-41E4-B9ED-64ADC98A7E57}"
EndProject
Project("{FAE04EC0-301F-11D3-BF4B-00C04F79EFBC}") = "16. DecimalToHexadecimal", "DecimalToHexadecimal\16. DecimalToHexadecimal.csproj", "{07854828-5D8C-42F1-AED3-0AE03A02B601}"
EndProject
Global
	GlobalSection(SolutionConfigurationPlatforms) = preSolution
		Debug|Any CPU = Debug|Any CPU
		Release|Any CPU = Release|Any CPU
	EndGlobalSection
	GlobalSection(ProjectConfigurationPlatforms) = postSolution
		{F2C8C0C5-2F5B-4DFD-B650-A535E5CB2256}.Debug|Any CPU.ActiveCfg = Debug|Any CPU
		{F2C8C0C5-2F5B-4DFD-B650-A535E5CB2256}.Debug|Any CPU.Build.0 = Debug|Any CPU
		{F2C8C0C5-2F5B-4DFD-B650-A535E5CB2256}.Release|Any CPU.ActiveCfg = Release|Any CPU
		{F2C8C0C5-2F5B-4DFD-B650-A535E5CB2256}.Release|Any CPU.Build.0 = Release|Any CPU
		{9F24EEA4-0C88-4739-A7A7-5310FE8F18A1}.Debug|Any CPU.ActiveCfg = Debug|Any CPU
		{9F24EEA4-0C88-4739-A7A7-5310FE8F18A1}.Debug|Any CPU.Build.0 = Debug|Any CPU
		{9F24EEA4-0C88-4739-A7A7-5310FE8F18A1}.Release|Any CPU.ActiveCfg = Release|Any CPU
		{9F24EEA4-0C88-4739-A7A7-5310FE8F18A1}.Release|Any CPU.Build.0 = Release|Any CPU
		{3AB1BD2C-9844-4722-9CDE-5A203623C436}.Debug|Any CPU.ActiveCfg = Debug|Any CPU
		{3AB1BD2C-9844-4722-9CDE-5A203623C436}.Debug|Any CPU.Build.0 = Debug|Any CPU
		{3AB1BD2C-9844-4722-9CDE-5A203623C436}.Release|Any CPU.ActiveCfg = Release|Any CPU
		{3AB1BD2C-9844-4722-9CDE-5A203623C436}.Release|Any CPU.Build.0 = Release|Any CPU
		{946AC97E-06F7-449C-AE3D-A39934D1067E}.Debug|Any CPU.ActiveCfg = Debug|Any CPU
		{946AC97E-06F7-449C-AE3D-A39934D1067E}.Debug|Any CPU.Build.0 = Debug|Any CPU
		{946AC97E-06F7-449C-AE3D-A39934D1067E}.Release|Any CPU.ActiveCfg = Release|Any CPU
		{946AC97E-06F7-449C-AE3D-A39934D1067E}.Release|Any CPU.Build.0 = Release|Any CPU
		{2B97BE5B-A5C1-494B-9F25-A6A1866DE249}.Debug|Any CPU.ActiveCfg = Debug|Any CPU
		{2B97BE5B-A5C1-494B-9F25-A6A1866DE249}.Debug|Any CPU.Build.0 = Debug|Any CPU
		{2B97BE5B-A5C1-494B-9F25-A6A1866DE249}.Release|Any CPU.ActiveCfg = Release|Any CPU
		{2B97BE5B-A5C1-494B-9F25-A6A1866DE249}.Release|Any CPU.Build.0 = Release|Any CPU
		{6A56C285-ADF4-439C-B7EB-3863974EB063}.Debug|Any CPU.ActiveCfg = Debug|Any CPU
		{6A56C285-ADF4-439C-B7EB-3863974EB063}.Debug|Any CPU.Build.0 = Debug|Any CPU
		{6A56C285-ADF4-439C-B7EB-3863974EB063}.Release|Any CPU.ActiveCfg = Release|Any CPU
		{6A56C285-ADF4-439C-B7EB-3863974EB063}.Release|Any CPU.Build.0 = Release|Any CPU
		{6A001216-2B1D-4C60-BEC4-BDCC96CE7193}.Debug|Any CPU.ActiveCfg = Debug|Any CPU
		{6A001216-2B1D-4C60-BEC4-BDCC96CE7193}.Debug|Any CPU.Build.0 = Debug|Any CPU
		{6A001216-2B1D-4C60-BEC4-BDCC96CE7193}.Release|Any CPU.ActiveCfg = Release|Any CPU
		{6A001216-2B1D-4C60-BEC4-BDCC96CE7193}.Release|Any CPU.Build.0 = Release|Any CPU
		{A3FA9019-BAE7-440E-8138-1C6D3F6C72C4}.Debug|Any CPU.ActiveCfg = Debug|Any CPU
		{A3FA9019-BAE7-440E-8138-1C6D3F6C72C4}.Debug|Any CPU.Build.0 = Debug|Any CPU
		{A3FA9019-BAE7-440E-8138-1C6D3F6C72C4}.Release|Any CPU.ActiveCfg = Release|Any CPU
		{A3FA9019-BAE7-440E-8138-1C6D3F6C72C4}.Release|Any CPU.Build.0 = Release|Any CPU
		{7D1BAFF8-C447-4D06-BD69-5602EFC4D084}.Debug|Any CPU.ActiveCfg = Debug|Any CPU
		{7D1BAFF8-C447-4D06-BD69-5602EFC4D084}.Debug|Any CPU.Build.0 = Debug|Any CPU
		{7D1BAFF8-C447-4D06-BD69-5602EFC4D084}.Release|Any CPU.ActiveCfg = Release|Any CPU
		{7D1BAFF8-C447-4D06-BD69-5602EFC4D084}.Release|Any CPU.Build.0 = Release|Any CPU
		{22B1A7DA-D146-45EB-BD29-8705F03826C8}.Debug|Any CPU.ActiveCfg = Debug|Any CPU
		{22B1A7DA-D146-45EB-BD29-8705F03826C8}.Debug|Any CPU.Build.0 = Debug|Any CPU
		{22B1A7DA-D146-45EB-BD29-8705F03826C8}.Release|Any CPU.ActiveCfg = Release|Any CPU
		{22B1A7DA-D146-45EB-BD29-8705F03826C8}.Release|Any CPU.Build.0 = Release|Any CPU
		{1F4D2C38-445D-43AA-9E6E-B9B48757ACA3}.Debug|Any CPU.ActiveCfg = Debug|Any CPU
		{1F4D2C38-445D-43AA-9E6E-B9B48757ACA3}.Debug|Any CPU.Build.0 = Debug|Any CPU
		{1F4D2C38-445D-43AA-9E6E-B9B48757ACA3}.Release|Any CPU.ActiveCfg = Release|Any CPU
		{1F4D2C38-445D-43AA-9E6E-B9B48757ACA3}.Release|Any CPU.Build.0 = Release|Any CPU
		{5A5C895F-2B0B-4224-92AD-E1133F7BF983}.Debug|Any CPU.ActiveCfg = Debug|Any CPU
		{5A5C895F-2B0B-4224-92AD-E1133F7BF983}.Debug|Any CPU.Build.0 = Debug|Any CPU
		{5A5C895F-2B0B-4224-92AD-E1133F7BF983}.Release|Any CPU.ActiveCfg = Release|Any CPU
		{5A5C895F-2B0B-4224-92AD-E1133F7BF983}.Release|Any CPU.Build.0 = Release|Any CPU
		{69E0C873-6BF0-43F0-9765-2B031B744754}.Debug|Any CPU.ActiveCfg = Debug|Any CPU
		{69E0C873-6BF0-43F0-9765-2B031B744754}.Debug|Any CPU.Build.0 = Debug|Any CPU
		{69E0C873-6BF0-43F0-9765-2B031B744754}.Release|Any CPU.ActiveCfg = Release|Any CPU
		{69E0C873-6BF0-43F0-9765-2B031B744754}.Release|Any CPU.Build.0 = Release|Any CPU
		{BB500C92-4B13-41E4-B9ED-64ADC98A7E57}.Debug|Any CPU.ActiveCfg = Debug|Any CPU
		{BB500C92-4B13-41E4-B9ED-64ADC98A7E57}.Debug|Any CPU.Build.0 = Debug|Any CPU
		{BB500C92-4B13-41E4-B9ED-64ADC98A7E57}.Release|Any CPU.ActiveCfg = Release|Any CPU
		{BB500C92-4B13-41E4-B9ED-64ADC98A7E57}.Release|Any CPU.Build.0 = Release|Any CPU
		{07854828-5D8C-42F1-AED3-0AE03A02B601}.Debug|Any CPU.ActiveCfg = Debug|Any CPU
		{07854828-5D8C-42F1-AED3-0AE03A02B601}.Debug|Any CPU.Build.0 = Debug|Any CPU
		{07854828-5D8C-42F1-AED3-0AE03A02B601}.Release|Any CPU.ActiveCfg = Release|Any CPU
		{07854828-5D8C-42F1-AED3-0AE03A02B601}.Release|Any CPU.Build.0 = Release|Any CPU
	EndGlobalSection
	GlobalSection(SolutionProperties) = preSolution
		HideSolutionNode = FALSE
	EndGlobalSection
EndGlobal
