
Microsoft Visual Studio Solution File, Format Version 12.00
# Visual Studio 2013
VisualStudioVersion = 12.0.31101.0
MinimumVisualStudioVersion = 10.0.40219.1
Project("{FAE04EC0-301F-11D3-BF4B-00C04F79EFBC}") = "StudentsAndCourses", "StudentsAndCourses\StudentsAndCourses.csproj", "{6C278E5C-B93A-4291-967D-44F7BFE14626}"
EndProject
Project("{FAE04EC0-301F-11D3-BF4B-00C04F79EFBC}") = "TestStudentsAndCourses", "TestStudentsAndCourses\TestStudentsAndCourses.csproj", "{FD51CF6A-A96A-44C0-BBC9-10BF69BA089E}"
EndProject
Global
	GlobalSection(SolutionConfigurationPlatforms) = preSolution
		Debug|Any CPU = Debug|Any CPU
		Release|Any CPU = Release|Any CPU
	EndGlobalSection
	GlobalSection(ProjectConfigurationPlatforms) = postSolution
		{6C278E5C-B93A-4291-967D-44F7BFE14626}.Debug|Any CPU.ActiveCfg = Debug|Any CPU
		{6C278E5C-B93A-4291-967D-44F7BFE14626}.Debug|Any CPU.Build.0 = Debug|Any CPU
		{6C278E5C-B93A-4291-967D-44F7BFE14626}.Release|Any CPU.ActiveCfg = Release|Any CPU
		{6C278E5C-B93A-4291-967D-44F7BFE14626}.Release|Any CPU.Build.0 = Release|Any CPU
		{FD51CF6A-A96A-44C0-BBC9-10BF69BA089E}.Debug|Any CPU.ActiveCfg = Debug|Any CPU
		{FD51CF6A-A96A-44C0-BBC9-10BF69BA089E}.Debug|Any CPU.Build.0 = Debug|Any CPU
		{FD51CF6A-A96A-44C0-BBC9-10BF69BA089E}.Release|Any CPU.ActiveCfg = Release|Any CPU
		{FD51CF6A-A96A-44C0-BBC9-10BF69BA089E}.Release|Any CPU.Build.0 = Release|Any CPU
	EndGlobalSection
	GlobalSection(SolutionProperties) = preSolution
		HideSolutionNode = FALSE
	EndGlobalSection
EndGlobal
