
Microsoft Visual Studio Solution File, Format Version 12.00
# Visual Studio 2013
VisualStudioVersion = 12.0.31101.0
MinimumVisualStudioVersion = 10.0.40219.1
Project("{FAE04EC0-301F-11D3-BF4B-00C04F79EFBC}") = "Coordinates3D", "Coordinates3D\Coordinates3D.csproj", "{5461B1C8-3E0B-4E7C-864B-2D9038C78C78}"
EndProject
Project("{FAE04EC0-301F-11D3-BF4B-00C04F79EFBC}") = "GenericClass", "GenericClass\GenericClass.csproj", "{DBE6CCCB-ED86-45BD-8F12-13E34DCDBE66}"
EndProject
Project("{FAE04EC0-301F-11D3-BF4B-00C04F79EFBC}") = "MatrixClass", "MatrixClass\MatrixClass.csproj", "{9A9A339F-E52F-4EF6-94B8-6D42D778BA4D}"
EndProject
Project("{FAE04EC0-301F-11D3-BF4B-00C04F79EFBC}") = "VersionAttribute", "VersionAttribute\VersionAttribute.csproj", "{580DD448-06FB-46FA-9F8A-B14021A263F2}"
EndProject
Global
	GlobalSection(SolutionConfigurationPlatforms) = preSolution
		Debug|Any CPU = Debug|Any CPU
		Release|Any CPU = Release|Any CPU
	EndGlobalSection
	GlobalSection(ProjectConfigurationPlatforms) = postSolution
		{5461B1C8-3E0B-4E7C-864B-2D9038C78C78}.Debug|Any CPU.ActiveCfg = Debug|Any CPU
		{5461B1C8-3E0B-4E7C-864B-2D9038C78C78}.Debug|Any CPU.Build.0 = Debug|Any CPU
		{5461B1C8-3E0B-4E7C-864B-2D9038C78C78}.Release|Any CPU.ActiveCfg = Release|Any CPU
		{5461B1C8-3E0B-4E7C-864B-2D9038C78C78}.Release|Any CPU.Build.0 = Release|Any CPU
		{DBE6CCCB-ED86-45BD-8F12-13E34DCDBE66}.Debug|Any CPU.ActiveCfg = Debug|Any CPU
		{DBE6CCCB-ED86-45BD-8F12-13E34DCDBE66}.Debug|Any CPU.Build.0 = Debug|Any CPU
		{DBE6CCCB-ED86-45BD-8F12-13E34DCDBE66}.Release|Any CPU.ActiveCfg = Release|Any CPU
		{DBE6CCCB-ED86-45BD-8F12-13E34DCDBE66}.Release|Any CPU.Build.0 = Release|Any CPU
		{9A9A339F-E52F-4EF6-94B8-6D42D778BA4D}.Debug|Any CPU.ActiveCfg = Debug|Any CPU
		{9A9A339F-E52F-4EF6-94B8-6D42D778BA4D}.Debug|Any CPU.Build.0 = Debug|Any CPU
		{9A9A339F-E52F-4EF6-94B8-6D42D778BA4D}.Release|Any CPU.ActiveCfg = Release|Any CPU
		{9A9A339F-E52F-4EF6-94B8-6D42D778BA4D}.Release|Any CPU.Build.0 = Release|Any CPU
		{580DD448-06FB-46FA-9F8A-B14021A263F2}.Debug|Any CPU.ActiveCfg = Debug|Any CPU
		{580DD448-06FB-46FA-9F8A-B14021A263F2}.Debug|Any CPU.Build.0 = Debug|Any CPU
		{580DD448-06FB-46FA-9F8A-B14021A263F2}.Release|Any CPU.ActiveCfg = Release|Any CPU
		{580DD448-06FB-46FA-9F8A-B14021A263F2}.Release|Any CPU.Build.0 = Release|Any CPU
	EndGlobalSection
	GlobalSection(SolutionProperties) = preSolution
		HideSolutionNode = FALSE
	EndGlobalSection
EndGlobal
